
Microsoft Visual Studio Solution File, Format Version 12.00
# Visual Studio Version 17
VisualStudioVersion = 17.13.35825.156 d17.13
MinimumVisualStudioVersion = 10.0.40219.1
Project("{FAE04EC0-301F-11D3-BF4B-00C04F79EFBC}") = "Geta.API", "Geta.API\Geta.API.csproj", "{804B5CEE-52B0-4671-8282-72627E0D8595}"
EndProject
Global
	GlobalSection(SolutionConfigurationPlatforms) = preSolution
		Debug|Any CPU = Debug|Any CPU
		Release|Any CPU = Release|Any CPU
	EndGlobalSection
	GlobalSection(ProjectConfigurationPlatforms) = postSolution
		{804B5CEE-52B0-4671-8282-72627E0D8595}.Debug|Any CPU.ActiveCfg = Debug|Any CPU
		{804B5CEE-52B0-4671-8282-72627E0D8595}.Debug|Any CPU.Build.0 = Debug|Any CPU
		{804B5CEE-52B0-4671-8282-72627E0D8595}.Release|Any CPU.ActiveCfg = Release|Any CPU
		{804B5CEE-52B0-4671-8282-72627E0D8595}.Release|Any CPU.Build.0 = Release|Any CPU
	EndGlobalSection
	GlobalSection(SolutionProperties) = preSolution
		HideSolutionNode = FALSE
	EndGlobalSection
	GlobalSection(ExtensibilityGlobals) = postSolution
		SolutionGuid = {6A3772F9-F8AB-4223-BAF0-04F3146D9672}
	EndGlobalSection
EndGlobal
